{
  "requires": true,
  "lockfileVersion": 1,
  "dependencies": {
    "react-cloudinary-upload-widget": {
      "version": "1.4.3",
      "resolved": "https://registry.npmjs.org/react-cloudinary-upload-widget/-/react-cloudinary-upload-widget-1.4.3.tgz",
      "integrity": "sha512-Vgw9R2rkQWFnfMWoXTGFfZItOcOHd8xbFG/OFN9BdkelmVlQyE+TKDrTQ2RCWpcImUO0a/poET+qSNJsn2pJ8Q=="
    }
  }
}
